// !$*UTF8*$!
{
	archiveVersion = 1;
	classes = {
	};
	objectVersion = 46;
	objects = {

/* Begin PBXBuildFile section */
		27C4069F1980A6B300836DA3 /* main.m in Sources */ = {isa = PBXBuildFile; fileRef = 27C4069E1980A6B300836DA3 /* main.m */; };
		27C406A21980A6B300836DA3 /* AppDelegate.m in Sources */ = {isa = PBXBuildFile; fileRef = 27C406A11980A6B300836DA3 /* AppDelegate.m */; };
		27C406A51980A6B300836DA3 /* sampleApp.xcdatamodeld in Sources */ = {isa = PBXBuildFile; fileRef = 27C406A31980A6B300836DA3 /* sampleApp.xcdatamodeld */; };
		27C406A81980A6B300836DA3 /* ViewController.m in Sources */ = {isa = PBXBuildFile; fileRef = 27C406A71980A6B300836DA3 /* ViewController.m */; };
		27C406AB1980A6B300836DA3 /* Main.storyboard in Resources */ = {isa = PBXBuildFile; fileRef = 27C406A91980A6B300836DA3 /* Main.storyboard */; };
		27C406AD1980A6B300836DA3 /* Images.xcassets in Resources */ = {isa = PBXBuildFile; fileRef = 27C406AC1980A6B300836DA3 /* Images.xcassets */; };
		27C406B91980A6B300836DA3 /* sampleAppTests.m in Sources */ = {isa = PBXBuildFile; fileRef = 27C406B81980A6B300836DA3 /* sampleAppTests.m */; };
		27C7B0631980C85E00E54E3D /* libSSuggestText.a in Frameworks */ = {isa = PBXBuildFile; fileRef = 27C7B0621980C85E00E54E3D /* libSSuggestText.a */; };
/* End PBXBuildFile section */

/* Begin PBXContainerItemProxy section */
		27C406B31980A6B300836DA3 /* PBXContainerItemProxy */ = {
			isa = PBXContainerItemProxy;
			containerPortal = 27C406911980A6B300836DA3 /* Project object */;
			proxyType = 1;
			remoteGlobalIDString = 27C406981980A6B300836DA3;
			remoteInfo = sampleApp;
		};
/* End PBXContainerItemProxy section */

/* Begin PBXFileReference section */
		27C406991980A6B300836DA3 /* sampleApp.app */ = {isa = PBXFileReference; explicitFileType = wrapper.application; includeInIndex = 0; path = sampleApp.app; sourceTree = BUILT_PRODUCTS_DIR; };
		27C4069D1980A6B300836DA3 /* Info.plist */ = {isa = PBXFileReference; lastKnownFileType = text.plist.xml; path = Info.plist; sourceTree = "<group>"; };
		27C4069E1980A6B300836DA3 /* main.m */ = {isa = PBXFileReference; lastKnownFileType = sourcecode.c.objc; path = main.m; sourceTree = "<group>"; };
		27C406A01980A6B300836DA3 /* AppDelegate.h */ = {isa = PBXFileReference; lastKnownFileType = sourcecode.c.h; path = AppDelegate.h; sourceTree = "<group>"; };
		27C406A11980A6B300836DA3 /* AppDelegate.m */ = {isa = PBXFileReference; lastKnownFileType = sourcecode.c.objc; path = AppDelegate.m; sourceTree = "<group>"; };
		27C406A41980A6B300836DA3 /* sampleApp.xcdatamodel */ = {isa = PBXFileReference; lastKnownFileType = wrapper.xcdatamodel; path = sampleApp.xcdatamodel; sourceTree = "<group>"; };
		27C406A61980A6B300836DA3 /* ViewController.h */ = {isa = PBXFileReference; lastKnownFileType = sourcecode.c.h; path = ViewController.h; sourceTree = "<group>"; };
		27C406A71980A6B300836DA3 /* ViewController.m */ = {isa = PBXFileReference; lastKnownFileType = sourcecode.c.objc; path = ViewController.m; sourceTree = "<group>"; };
		27C406AA1980A6B300836DA3 /* Base */ = {isa = PBXFileReference; lastKnownFileType = file.storyboard; name = Base; path = Base.lproj/Main.storyboard; sourceTree = "<group>"; };
		27C406AC1980A6B300836DA3 /* Images.xcassets */ = {isa = PBXFileReference; lastKnownFileType = folder.assetcatalog; path = Images.xcassets; sourceTree = "<group>"; };
		27C406B21980A6B300836DA3 /* sampleAppTests.xctest */ = {isa = PBXFileReference; explicitFileType = wrapper.cfbundle; includeInIndex = 0; path = sampleAppTests.xctest; sourceTree = BUILT_PRODUCTS_DIR; };
		27C406B71980A6B300836DA3 /* Info.plist */ = {isa = PBXFileReference; lastKnownFileType = text.plist.xml; path = Info.plist; sourceTree = "<group>"; };
		27C406B81980A6B300836DA3 /* sampleAppTests.m */ = {isa = PBXFileReference; lastKnownFileType = sourcecode.c.objc; path = sampleAppTests.m; sourceTree = "<group>"; };
		27C7B0621980C85E00E54E3D /* libSSuggestText.a */ = {isa = PBXFileReference; lastKnownFileType = archive.ar; name = libSSuggestText.a; path = "../build/Debug-iphoneos/libSSuggestText.a"; sourceTree = "<group>"; };
/* End PBXFileReference section */

/* Begin PBXFrameworksBuildPhase section */
		27C406961980A6B300836DA3 /* Frameworks */ = {
			isa = PBXFrameworksBuildPhase;
			buildActionMask = 2147483647;
			files = (
				27C7B0631980C85E00E54E3D /* libSSuggestText.a in Frameworks */,
			);
			runOnlyForDeploymentPostprocessing = 0;
		};
		27C406AF1980A6B300836DA3 /* Frameworks */ = {
			isa = PBXFrameworksBuildPhase;
			buildActionMask = 2147483647;
			files = (
			);
			runOnlyForDeploymentPostprocessing = 0;
		};
/* End PBXFrameworksBuildPhase section */

/* Begin PBXGroup section */
		27C406901980A6B300836DA3 = {
			isa = PBXGroup;
			children = (
				27C7B0621980C85E00E54E3D /* libSSuggestText.a */,
				27C4069B1980A6B300836DA3 /* sampleApp */,
				27C406B51980A6B300836DA3 /* sampleAppTests */,
				27C4069A1980A6B300836DA3 /* Products */,
			);
			sourceTree = "<group>";
		};
		27C4069A1980A6B300836DA3 /* Products */ = {
			isa = PBXGroup;
			children = (
				27C406991980A6B300836DA3 /* sampleApp.app */,
				27C406B21980A6B300836DA3 /* sampleAppTests.xctest */,
			);
			name = Products;
			sourceTree = "<group>";
		};
		27C4069B1980A6B300836DA3 /* sampleApp */ = {
			isa = PBXGroup;
			children = (
				27C406A01980A6B300836DA3 /* AppDelegate.h */,
				27C406A11980A6B300836DA3 /* AppDelegate.m */,
				27C406A61980A6B300836DA3 /* ViewController.h */,
				27C406A71980A6B300836DA3 /* ViewController.m */,
				27C406A91980A6B300836DA3 /* Main.storyboard */,
				27C406AC1980A6B300836DA3 /* Images.xcassets */,
				27C406A31980A6B300836DA3 /* sampleApp.xcdatamodeld */,
				27C4069C1980A6B300836DA3 /* Supporting Files */,
			);
			path = sampleApp;
			sourceTree = "<group>";
		};
		27C4069C1980A6B300836DA3 /* Supporting Files */ = {
			isa = PBXGroup;
			children = (
				27C4069D1980A6B300836DA3 /* Info.plist */,
				27C4069E1980A6B300836DA3 /* main.m */,
			);
			name = "Supporting Files";
			sourceTree = "<group>";
		};
		27C406B51980A6B300836DA3 /* sampleAppTests */ = {
			isa = PBXGroup;
			children = (
				27C406B81980A6B300836DA3 /* sampleAppTests.m */,
				27C406B61980A6B300836DA3 /* Supporting Files */,
			);
			path = sampleAppTests;
			sourceTree = "<group>";
		};
		27C406B61980A6B300836DA3 /* Supporting Files */ = {
			isa = PBXGroup;
			children = (
				27C406B71980A6B300836DA3 /* Info.plist */,
			);
			name = "Supporting Files";
			sourceTree = "<group>";
		};
/* End PBXGroup section */

/* Begin PBXNativeTarget section */
		27C406981980A6B300836DA3 /* sampleApp */ = {
			isa = PBXNativeTarget;
			buildConfigurationList = 27C406BC1980A6B300836DA3 /* Build configuration list for PBXNativeTarget "sampleApp" */;
			buildPhases = (
				27C406951980A6B300836DA3 /* Sources */,
				27C406961980A6B300836DA3 /* Frameworks */,
				27C406971980A6B300836DA3 /* Resources */,
			);
			buildRules = (
			);
			dependencies = (
			);
			name = sampleApp;
			productName = sampleApp;
			productReference = 27C406991980A6B300836DA3 /* sampleApp.app */;
			productType = "com.apple.product-type.application";
		};
		27C406B11980A6B300836DA3 /* sampleAppTests */ = {
			isa = PBXNativeTarget;
			buildConfigurationList = 27C406BF1980A6B300836DA3 /* Build configuration list for PBXNativeTarget "sampleAppTests" */;
			buildPhases = (
				27C406AE1980A6B300836DA3 /* Sources */,
				27C406AF1980A6B300836DA3 /* Frameworks */,
				27C406B01980A6B300836DA3 /* Resources */,
			);
			buildRules = (
			);
			dependencies = (
				27C406B41980A6B300836DA3 /* PBXTargetDependency */,
			);
			name = sampleAppTests;
			productName = sampleAppTests;
			productReference = 27C406B21980A6B300836DA3 /* sampleAppTests.xctest */;
			productType = "com.apple.product-type.bundle.unit-test";
		};
/* End PBXNativeTarget section */

/* Begin PBXProject section */
		27C406911980A6B300836DA3 /* Project object */ = {
			isa = PBXProject;
			attributes = {
				LastUpgradeCheck = 0600;
				ORGANIZATIONNAME = "Saulo G Tauil";
				TargetAttributes = {
					27C406981980A6B300836DA3 = {
						CreatedOnToolsVersion = 6.0;
					};
					27C406B11980A6B300836DA3 = {
						CreatedOnToolsVersion = 6.0;
						TestTargetID = 27C406981980A6B300836DA3;
					};
				};
			};
			buildConfigurationList = 27C406941980A6B300836DA3 /* Build configuration list for PBXProject "sampleApp" */;
			compatibilityVersion = "Xcode 3.2";
			developmentRegion = English;
			hasScannedForEncodings = 0;
			knownRegions = (
				en,
				Base,
			);
			mainGroup = 27C406901980A6B300836DA3;
			productRefGroup = 27C4069A1980A6B300836DA3 /* Products */;
			projectDirPath = "";
			projectRoot = "";
			targets = (
				27C406981980A6B300836DA3 /* sampleApp */,
				27C406B11980A6B300836DA3 /* sampleAppTests */,
			);
		};
/* End PBXProject section */

/* Begin PBXResourcesBuildPhase section */
		27C406971980A6B300836DA3 /* Resources */ = {
			isa = PBXResourcesBuildPhase;
			buildActionMask = 2147483647;
			files = (
				27C406AB1980A6B300836DA3 /* Main.storyboard in Resources */,
				27C406AD1980A6B300836DA3 /* Images.xcassets in Resources */,
			);
			runOnlyForDeploymentPostprocessing = 0;
		};
		27C406B01980A6B300836DA3 /* Resources */ = {
			isa = PBXResourcesBuildPhase;
			buildActionMask = 2147483647;
			files = (
			);
			runOnlyForDeploymentPostprocessing = 0;
		};
/* End PBXResourcesBuildPhase section */

/* Begin PBXSourcesBuildPhase section */
		27C406951980A6B300836DA3 /* Sources */ = {
			isa = PBXSourcesBuildPhase;
			buildActionMask = 2147483647;
			files = (
				27C406A51980A6B300836DA3 /* sampleApp.xcdatamodeld in Sources */,
				27C406A21980A6B300836DA3 /* AppDelegate.m in Sources */,
				27C406A81980A6B300836DA3 /* ViewController.m in Sources */,
				27C4069F1980A6B300836DA3 /* main.m in Sources */,
			);
			runOnlyForDeploymentPostprocessing = 0;
		};
		27C406AE1980A6B300836DA3 /* Sources */ = {
			isa = PBXSourcesBuildPhase;
			buildActionMask = 2147483647;
			files = (
				27C406B91980A6B300836DA3 /* sampleAppTests.m in Sources */,
			);
			runOnlyForDeploymentPostprocessing = 0;
		};
/* End PBXSourcesBuildPhase section */

/* Begin PBXTargetDependency section */
		27C406B41980A6B300836DA3 /* PBXTargetDependency */ = {
			isa = PBXTargetDependency;
			target = 27C406981980A6B300836DA3 /* sampleApp */;
			targetProxy = 27C406B31980A6B300836DA3 /* PBXContainerItemProxy */;
		};
/* End PBXTargetDependency section */

/* Begin PBXVariantGroup section */
		27C406A91980A6B300836DA3 /* Main.storyboard */ = {
			isa = PBXVariantGroup;
			children = (
				27C406AA1980A6B300836DA3 /* Base */,
			);
			name = Main.storyboard;
			sourceTree = "<group>";
		};
/* End PBXVariantGroup section */

/* Begin XCBuildConfiguration section */
		27C406BA1980A6B300836DA3 /* Debug */ = {
			isa = XCBuildConfiguration;
			buildSettings = {
				ALWAYS_SEARCH_USER_PATHS = NO;
				CLANG_CXX_LANGUAGE_STANDARD = "gnu++0x";
				CLANG_CXX_LIBRARY = "libc++";
				CLANG_ENABLE_MODULES = YES;
				CLANG_ENABLE_OBJC_ARC = YES;
				CLANG_WARN_BOOL_CONVERSION = YES;
				CLANG_WARN_CONSTANT_CONVERSION = YES;
				CLANG_WARN_DIRECT_OBJC_ISA_USAGE = YES_ERROR;
				CLANG_WARN_EMPTY_BODY = YES;
				CLANG_WARN_ENUM_CONVERSION = YES;
				CLANG_WARN_INT_CONVERSION = YES;
				CLANG_WARN_OBJC_ROOT_CLASS = YES_ERROR;
				CLANG_WARN_UNREACHABLE_CODE = YES;
				CLANG_WARN__DUPLICATE_METHOD_MATCH = YES;
				"CODE_SIGN_IDENTITY[sdk=iphoneos*]" = "iPhone Developer";
				COPY_PHASE_STRIP = NO;
				ENABLE_STRICT_OBJC_MSGSEND = YES;
				GCC_C_LANGUAGE_STANDARD = gnu99;
				GCC_DYNAMIC_NO_PIC = NO;
				GCC_OPTIMIZATION_LEVEL = 0;
				GCC_PREPROCESSOR_DEFINITIONS = (
					"DEBUG=1",
					"$(inherited)",
				);
				GCC_SYMBOLS_PRIVATE_EXTERN = NO;
				GCC_WARN_64_TO_32_BIT_CONVERSION = YES;
				GCC_WARN_ABOUT_RETURN_TYPE = YES_ERROR;
				GCC_WARN_UNDECLARED_SELECTOR = YES;
				GCC_WARN_UNINITIALIZED_AUTOS = YES_AGGRESSIVE;
				GCC_WARN_UNUSED_FUNCTION = YES;
				GCC_WARN_UNUSED_VARIABLE = YES;
				IPHONEOS_DEPLOYMENT_TARGET = 8.0;
				MTL_ENABLE_DEBUG_INFO = YES;
				ONLY_ACTIVE_ARCH = YES;
				SDKROOT = iphoneos;
				TARGETED_DEVICE_FAMILY = 2;
			};
			name = Debug;
		};
		27C406BB1980A6B300836DA3 /* Release */ = {
			isa = XCBuildConfiguration;
			buildSettings = {
				ALWAYS_SEARCH_USER_PATHS = NO;
				CLANG_CXX_LANGUAGE_STANDARD = "gnu++0x";
				CLANG_CXX_LIBRARY = "libc++";
				CLANG_ENABLE_MODULES = YES;
				CLANG_ENABLE_OBJC_ARC = YES;
				CLANG_WARN_BOOL_CONVERSION = YES;
				CLANG_WARN_CONSTANT_CONVERSION = YES;
				CLANG_WARN_DIRECT_OBJC_ISA_USAGE = YES_ERROR;
				CLANG_WARN_EMPTY_BODY = YES;
				CLANG_WARN_ENUM_CONVERSION = YES;
				CLANG_WARN_INT_CONVERSION = YES;
				CLANG_WARN_OBJC_ROOT_CLASS = YES_ERROR;
				CLANG_WARN_UNREACHABLE_CODE = YES;
				CLANG_WARN__DUPLICATE_METHOD_MATCH = YES;
				"CODE_SIGN_IDENTITY[sdk=iphoneos*]" = "iPhone Developer";
				COPY_PHASE_STRIP = YES;
				ENABLE_NS_ASSERTIONS = NO;
				ENABLE_STRICT_OBJC_MSGSEND = YES;
				GCC_C_LANGUAGE_STANDARD = gnu99;
				GCC_WARN_64_TO_32_BIT_CONVERSION = YES;
				GCC_WARN_ABOUT_RETURN_TYPE = YES_ERROR;
				GCC_WARN_UNDECLARED_SELECTOR = YES;
				GCC_WARN_UNINITIALIZED_AUTOS = YES_AGGRESSIVE;
				GCC_WARN_UNUSED_FUNCTION = YES;
				GCC_WARN_UNUSED_VARIABLE = YES;
				IPHONEOS_DEPLOYMENT_TARGET = 8.0;
				MTL_ENABLE_DEBUG_INFO = NO;
				SDKROOT = iphoneos;
				TARGETED_DEVICE_FAMILY = 2;
				VALIDATE_PRODUCT = YES;
			};
			name = Release;
		};
		27C406BD1980A6B300836DA3 /* Debug */ = {
			isa = XCBuildConfiguration;
			buildSettings = {
				ASSETCATALOG_COMPILER_APPICON_NAME = AppIcon;
				ASSETCATALOG_COMPILER_LAUNCHIMAGE_NAME = LaunchImage;
				INFOPLIST_FILE = sampleApp/Info.plist;
				IPHONEOS_DEPLOYMENT_TARGET = 7.0;
				LD_RUNPATH_SEARCH_PATHS = "$(inherited) @executable_path/Frameworks";
				LIBRARY_SEARCH_PATHS = (
					"$(inherited)",
					"/Users/saulo/Documents/work/SSuggestText/build/Debug-iphoneos",
				);
				PRODUCT_NAME = "$(TARGET_NAME)";
			};
			name = Debug;
		};
		27C406BE1980A6B300836DA3 /* Release */ = {
			isa = XCBuildConfiguration;
			buildSettings = {
				ASSETCATALOG_COMPILER_APPICON_NAME = AppIcon;
				ASSETCATALOG_COMPILER_LAUNCHIMAGE_NAME = LaunchImage;
				INFOPLIST_FILE = sampleApp/Info.plist;
				IPHONEOS_DEPLOYMENT_TARGET = 7.0;
				LD_RUNPATH_SEARCH_PATHS = "$(inherited) @executable_path/Frameworks";
				LIBRARY_SEARCH_PATHS = (
					"$(inherited)",
					"/Users/saulo/Documents/work/SSuggestText/build/Debug-iphoneos",
				);
				PRODUCT_NAME = "$(TARGET_NAME)";
			};
			name = Release;
		};
		27C406C01980A6B300836DA3 /* Debug */ = {
			isa = XCBuildConfiguration;
			buildSettings = {
				BUNDLE_LOADER = "$(BUILT_PRODUCTS_DIR)/sampleApp.app/sampleApp";
				FRAMEWORK_SEARCH_PATHS = (
					"$(SDKROOT)/Developer/Library/Frameworks",
					"$(inherited)",
				);
				GCC_PREPROCESSOR_DEFINITIONS = (
					"DEBUG=1",
					"$(inherited)",
				);
				INFOPLIST_FILE = sampleAppTests/Info.plist;
				IPHONEOS_DEPLOYMENT_TARGET = 7.0;
				LD_RUNPATH_SEARCH_PATHS = "$(inherited) @executable_path/Frameworks @loader_path/Frameworks";
				PRODUCT_NAME = "$(TARGET_NAME)";
				TEST_HOST = "$(BUNDLE_LOADER)";
			};
			name = Debug;
		};
		27C406C11980A6B300836DA3 /* Release */ = {
			isa = XCBuildConfiguration;
			buildSettings = {
				BUNDLE_LOADER = "$(BUILT_PRODUCTS_DIR)/sampleApp.app/sampleApp";
				FRAMEWORK_SEARCH_PATHS = (
					"$(SDKROOT)/Developer/Library/Frameworks",
					"$(inherited)",
				);
				INFOPLIST_FILE = sampleAppTests/Info.plist;
				IPHONEOS_DEPLOYMENT_TARGET = 7.0;
				LD_RUNPATH_SEARCH_PATHS = "$(inherited) @executable_path/Frameworks @loader_path/Frameworks";
				PRODUCT_NAME = "$(TARGET_NAME)";
				TEST_HOST = "$(BUNDLE_LOADER)";
			};
			name = Release;
		};
/* End XCBuildConfiguration section */

/* Begin XCConfigurationList section */
		27C406941980A6B300836DA3 /* Build configuration list for PBXProject "sampleApp" */ = {
			isa = XCConfigurationList;
			buildConfigurations = (
				27C406BA1980A6B300836DA3 /* Debug */,
				27C406BB1980A6B300836DA3 /* Release */,
			);
			defaultConfigurationIsVisible = 0;
			defaultConfigurationName = Release;
		};
		27C406BC1980A6B300836DA3 /* Build configuration list for PBXNativeTarget "sampleApp" */ = {
			isa = XCConfigurationList;
			buildConfigurations = (
				27C406BD1980A6B300836DA3 /* Debug */,
				27C406BE1980A6B300836DA3 /* Release */,
			);
			defaultConfigurationIsVisible = 0;
			defaultConfigurationName = Release;
		};
		27C406BF1980A6B300836DA3 /* Build configuration list for PBXNativeTarget "sampleAppTests" */ = {
			isa = XCConfigurationList;
			buildConfigurations = (
				27C406C01980A6B300836DA3 /* Debug */,
				27C406C11980A6B300836DA3 /* Release */,
			);
			defaultConfigurationIsVisible = 0;
			defaultConfigurationName = Release;
		};
/* End XCConfigurationList section */

/* Begin XCVersionGroup section */
		27C406A31980A6B300836DA3 /* sampleApp.xcdatamodeld */ = {
			isa = XCVersionGroup;
			children = (
				27C406A41980A6B300836DA3 /* sampleApp.xcdatamodel */,
			);
			currentVersion = 27C406A41980A6B300836DA3 /* sampleApp.xcdatamodel */;
			path = sampleApp.xcdatamodeld;
			sourceTree = "<group>";
			versionGroupType = wrapper.xcdatamodel;
		};
/* End XCVersionGroup section */
	};
	rootObject = 27C406911980A6B300836DA3 /* Project object */;
}
