// !$*UTF8*$!
{
	archiveVersion = 1;
	classes = {
	};
	objectVersion = 46;
	objects = {

/* Begin PBXBuildFile section */
		27C4067A1980A51200836DA3 /* SSuggestText.h in CopyFiles */ = {isa = PBXBuildFile; fileRef = 27C406791980A51200836DA3 /* SSuggestText.h */; };
		27C4067C1980A51200836DA3 /* SSuggestText.m in Sources */ = {isa = PBXBuildFile; fileRef = 27C4067B1980A51200836DA3 /* SSuggestText.m */; };
		27C406821980A51200836DA3 /* libSSuggestText.a in Frameworks */ = {isa = PBXBuildFile; fileRef = 27C406761980A51200836DA3 /* libSSuggestText.a */; };
		3ECA3EB625424B15A81FD934 /* libPods.a in Frameworks */ = {isa = PBXBuildFile; fileRef = 96F8B19EE2394C05818F60B0 /* libPods.a */; };
/* End PBXBuildFile section */

/* Begin PBXContainerItemProxy section */
		27C406831980A51200836DA3 /* PBXContainerItemProxy */ = {
			isa = PBXContainerItemProxy;
			containerPortal = 27C4066E1980A51200836DA3 /* Project object */;
			proxyType = 1;
			remoteGlobalIDString = 27C406751980A51200836DA3;
			remoteInfo = SSuggestText;
		};
/* End PBXContainerItemProxy section */

/* Begin PBXCopyFilesBuildPhase section */
		27C406741980A51200836DA3 /* CopyFiles */ = {
			isa = PBXCopyFilesBuildPhase;
			buildActionMask = 2147483647;
			dstPath = "include/$(PRODUCT_NAME)";
			dstSubfolderSpec = 16;
			files = (
				27C4067A1980A51200836DA3 /* SSuggestText.h in CopyFiles */,
			);
			runOnlyForDeploymentPostprocessing = 0;
		};
/* End PBXCopyFilesBuildPhase section */

/* Begin PBXFileReference section */
		00AECCF975434151B3FA4BFF /* Pods.xcconfig */ = {isa = PBXFileReference; includeInIndex = 1; lastKnownFileType = text.xcconfig; name = Pods.xcconfig; path = Pods/Pods.xcconfig; sourceTree = "<group>"; };
		27C406761980A51200836DA3 /* libSSuggestText.a */ = {isa = PBXFileReference; explicitFileType = archive.ar; includeInIndex = 0; path = libSSuggestText.a; sourceTree = BUILT_PRODUCTS_DIR; };
		27C406791980A51200836DA3 /* SSuggestText.h */ = {isa = PBXFileReference; lastKnownFileType = sourcecode.c.h; path = SSuggestText.h; sourceTree = "<group>"; };
		27C4067B1980A51200836DA3 /* SSuggestText.m */ = {isa = PBXFileReference; lastKnownFileType = sourcecode.c.objc; path = SSuggestText.m; sourceTree = "<group>"; };
		27C406811980A51200836DA3 /* SSuggestTextTests.xctest */ = {isa = PBXFileReference; explicitFileType = wrapper.cfbundle; includeInIndex = 0; path = SSuggestTextTests.xctest; sourceTree = BUILT_PRODUCTS_DIR; };
		27C406871980A51200836DA3 /* Info.plist */ = {isa = PBXFileReference; lastKnownFileType = text.plist.xml; path = Info.plist; sourceTree = "<group>"; };
		27C406C21980B3BB00836DA3 /* SSuggestDelegate.h */ = {isa = PBXFileReference; fileEncoding = 4; lastKnownFileType = sourcecode.c.h; path = SSuggestDelegate.h; sourceTree = "<group>"; };
		27C406C51980B43700836DA3 /* SSuggestDatasource.h */ = {isa = PBXFileReference; lastKnownFileType = sourcecode.c.h; path = SSuggestDatasource.h; sourceTree = "<group>"; };
		96F8B19EE2394C05818F60B0 /* libPods.a */ = {isa = PBXFileReference; explicitFileType = archive.ar; includeInIndex = 0; path = libPods.a; sourceTree = BUILT_PRODUCTS_DIR; };
/* End PBXFileReference section */

/* Begin PBXFrameworksBuildPhase section */
		27C406731980A51200836DA3 /* Frameworks */ = {
			isa = PBXFrameworksBuildPhase;
			buildActionMask = 2147483647;
			files = (
				3ECA3EB625424B15A81FD934 /* libPods.a in Frameworks */,
			);
			runOnlyForDeploymentPostprocessing = 0;
		};
		27C4067E1980A51200836DA3 /* Frameworks */ = {
			isa = PBXFrameworksBuildPhase;
			buildActionMask = 2147483647;
			files = (
				27C406821980A51200836DA3 /* libSSuggestText.a in Frameworks */,
			);
			runOnlyForDeploymentPostprocessing = 0;
		};
/* End PBXFrameworksBuildPhase section */

/* Begin PBXGroup section */
		27C4066D1980A51100836DA3 = {
			isa = PBXGroup;
			children = (
				27C406781980A51200836DA3 /* SSuggestText */,
				27C406851980A51200836DA3 /* SSuggestTextTests */,
				27C406771980A51200836DA3 /* Products */,
				00AECCF975434151B3FA4BFF /* Pods.xcconfig */,
				83953D27E4314DD3B2670A01 /* Frameworks */,
			);
			sourceTree = "<group>";
		};
		27C406771980A51200836DA3 /* Products */ = {
			isa = PBXGroup;
			children = (
				27C406761980A51200836DA3 /* libSSuggestText.a */,
				27C406811980A51200836DA3 /* SSuggestTextTests.xctest */,
			);
			name = Products;
			sourceTree = "<group>";
		};
		27C406781980A51200836DA3 /* SSuggestText */ = {
			isa = PBXGroup;
			children = (
				27C406791980A51200836DA3 /* SSuggestText.h */,
				27C4067B1980A51200836DA3 /* SSuggestText.m */,
				27C406C21980B3BB00836DA3 /* SSuggestDelegate.h */,
				27C406C51980B43700836DA3 /* SSuggestDatasource.h */,
			);
			path = SSuggestText;
			sourceTree = "<group>";
		};
		27C406851980A51200836DA3 /* SSuggestTextTests */ = {
			isa = PBXGroup;
			children = (
				27C406861980A51200836DA3 /* Supporting Files */,
			);
			path = SSuggestTextTests;
			sourceTree = "<group>";
		};
		27C406861980A51200836DA3 /* Supporting Files */ = {
			isa = PBXGroup;
			children = (
				27C406871980A51200836DA3 /* Info.plist */,
			);
			name = "Supporting Files";
			sourceTree = "<group>";
		};
		83953D27E4314DD3B2670A01 /* Frameworks */ = {
			isa = PBXGroup;
			children = (
				96F8B19EE2394C05818F60B0 /* libPods.a */,
			);
			name = Frameworks;
			sourceTree = "<group>";
		};
/* End PBXGroup section */

/* Begin PBXNativeTarget section */
		27C406751980A51200836DA3 /* SSuggestText */ = {
			isa = PBXNativeTarget;
			buildConfigurationList = 27C4068A1980A51200836DA3 /* Build configuration list for PBXNativeTarget "SSuggestText" */;
			buildPhases = (
				ED41DB7EB7D54E6CAE35C993 /* Check Pods Manifest.lock */,
				27C406721980A51200836DA3 /* Sources */,
				27C406731980A51200836DA3 /* Frameworks */,
				27C406741980A51200836DA3 /* CopyFiles */,
				8307211104CE4A9590B3674C /* Copy Pods Resources */,
			);
			buildRules = (
			);
			dependencies = (
			);
			name = SSuggestText;
			productName = SSuggestText;
			productReference = 27C406761980A51200836DA3 /* libSSuggestText.a */;
			productType = "com.apple.product-type.library.static";
		};
		27C406801980A51200836DA3 /* SSuggestTextTests */ = {
			isa = PBXNativeTarget;
			buildConfigurationList = 27C4068D1980A51200836DA3 /* Build configuration list for PBXNativeTarget "SSuggestTextTests" */;
			buildPhases = (
				27C4067D1980A51200836DA3 /* Sources */,
				27C4067E1980A51200836DA3 /* Frameworks */,
				27C4067F1980A51200836DA3 /* Resources */,
			);
			buildRules = (
			);
			dependencies = (
				27C406841980A51200836DA3 /* PBXTargetDependency */,
			);
			name = SSuggestTextTests;
			productName = SSuggestTextTests;
			productReference = 27C406811980A51200836DA3 /* SSuggestTextTests.xctest */;
			productType = "com.apple.product-type.bundle.unit-test";
		};
/* End PBXNativeTarget section */

/* Begin PBXProject section */
		27C4066E1980A51200836DA3 /* Project object */ = {
			isa = PBXProject;
			attributes = {
				LastUpgradeCheck = 0600;
				ORGANIZATIONNAME = "Saulo G Tauil";
				TargetAttributes = {
					27C406751980A51200836DA3 = {
						CreatedOnToolsVersion = 6.0;
					};
					27C406801980A51200836DA3 = {
						CreatedOnToolsVersion = 6.0;
						TestTargetID = 27C406751980A51200836DA3;
					};
				};
			};
			buildConfigurationList = 27C406711980A51200836DA3 /* Build configuration list for PBXProject "SSuggestText" */;
			compatibilityVersion = "Xcode 3.2";
			developmentRegion = English;
			hasScannedForEncodings = 0;
			knownRegions = (
				en,
			);
			mainGroup = 27C4066D1980A51100836DA3;
			productRefGroup = 27C406771980A51200836DA3 /* Products */;
			projectDirPath = "";
			projectRoot = "";
			targets = (
				27C406751980A51200836DA3 /* SSuggestText */,
				27C406801980A51200836DA3 /* SSuggestTextTests */,
			);
		};
/* End PBXProject section */

/* Begin PBXResourcesBuildPhase section */
		27C4067F1980A51200836DA3 /* Resources */ = {
			isa = PBXResourcesBuildPhase;
			buildActionMask = 2147483647;
			files = (
			);
			runOnlyForDeploymentPostprocessing = 0;
		};
/* End PBXResourcesBuildPhase section */

/* Begin PBXShellScriptBuildPhase section */
		8307211104CE4A9590B3674C /* Copy Pods Resources */ = {
			isa = PBXShellScriptBuildPhase;
			buildActionMask = 2147483647;
			files = (
			);
			inputPaths = (
			);
			name = "Copy Pods Resources";
			outputPaths = (
			);
			runOnlyForDeploymentPostprocessing = 0;
			shellPath = /bin/sh;
			shellScript = "\"${SRCROOT}/Pods/Pods-resources.sh\"\n";
			showEnvVarsInLog = 0;
		};
		ED41DB7EB7D54E6CAE35C993 /* Check Pods Manifest.lock */ = {
			isa = PBXShellScriptBuildPhase;
			buildActionMask = 2147483647;
			files = (
			);
			inputPaths = (
			);
			name = "Check Pods Manifest.lock";
			outputPaths = (
			);
			runOnlyForDeploymentPostprocessing = 0;
			shellPath = /bin/sh;
			shellScript = "diff \"${PODS_ROOT}/../Podfile.lock\" \"${PODS_ROOT}/Manifest.lock\" > /dev/null\nif [[ $? != 0 ]] ; then\n    cat << EOM\nerror: The sandbox is not in sync with the Podfile.lock. Run 'pod install' or update your CocoaPods installation.\nEOM\n    exit 1\nfi\n";
			showEnvVarsInLog = 0;
		};
/* End PBXShellScriptBuildPhase section */

/* Begin PBXSourcesBuildPhase section */
		27C406721980A51200836DA3 /* Sources */ = {
			isa = PBXSourcesBuildPhase;
			buildActionMask = 2147483647;
			files = (
				27C4067C1980A51200836DA3 /* SSuggestText.m in Sources */,
			);
			runOnlyForDeploymentPostprocessing = 0;
		};
		27C4067D1980A51200836DA3 /* Sources */ = {
			isa = PBXSourcesBuildPhase;
			buildActionMask = 2147483647;
			files = (
			);
			runOnlyForDeploymentPostprocessing = 0;
		};
/* End PBXSourcesBuildPhase section */

/* Begin PBXTargetDependency section */
		27C406841980A51200836DA3 /* PBXTargetDependency */ = {
			isa = PBXTargetDependency;
			target = 27C406751980A51200836DA3 /* SSuggestText */;
			targetProxy = 27C406831980A51200836DA3 /* PBXContainerItemProxy */;
		};
/* End PBXTargetDependency section */

/* Begin XCBuildConfiguration section */
		27C406881980A51200836DA3 /* Debug */ = {
			isa = XCBuildConfiguration;
			buildSettings = {
				ALWAYS_SEARCH_USER_PATHS = NO;
				CLANG_CXX_LANGUAGE_STANDARD = "gnu++0x";
				CLANG_CXX_LIBRARY = "libc++";
				CLANG_ENABLE_MODULES = YES;
				CLANG_ENABLE_OBJC_ARC = YES;
				CLANG_WARN_BOOL_CONVERSION = YES;
				CLANG_WARN_CONSTANT_CONVERSION = YES;
				CLANG_WARN_DIRECT_OBJC_ISA_USAGE = YES_ERROR;
				CLANG_WARN_EMPTY_BODY = YES;
				CLANG_WARN_ENUM_CONVERSION = YES;
				CLANG_WARN_INT_CONVERSION = YES;
				CLANG_WARN_OBJC_ROOT_CLASS = YES_ERROR;
				CLANG_WARN_UNREACHABLE_CODE = YES;
				CLANG_WARN__DUPLICATE_METHOD_MATCH = YES;
				COPY_PHASE_STRIP = NO;
				ENABLE_STRICT_OBJC_MSGSEND = YES;
				GCC_C_LANGUAGE_STANDARD = gnu99;
				GCC_DYNAMIC_NO_PIC = NO;
				GCC_OPTIMIZATION_LEVEL = 0;
				GCC_PREPROCESSOR_DEFINITIONS = (
					"DEBUG=1",
					"$(inherited)",
				);
				GCC_SYMBOLS_PRIVATE_EXTERN = NO;
				GCC_WARN_64_TO_32_BIT_CONVERSION = YES;
				GCC_WARN_ABOUT_RETURN_TYPE = YES_ERROR;
				GCC_WARN_UNDECLARED_SELECTOR = YES;
				GCC_WARN_UNINITIALIZED_AUTOS = YES_AGGRESSIVE;
				GCC_WARN_UNUSED_FUNCTION = YES;
				GCC_WARN_UNUSED_VARIABLE = YES;
				IPHONEOS_DEPLOYMENT_TARGET = 8.0;
				MTL_ENABLE_DEBUG_INFO = YES;
				ONLY_ACTIVE_ARCH = YES;
				SDKROOT = iphoneos;
			};
			name = Debug;
		};
		27C406891980A51200836DA3 /* Release */ = {
			isa = XCBuildConfiguration;
			buildSettings = {
				ALWAYS_SEARCH_USER_PATHS = NO;
				CLANG_CXX_LANGUAGE_STANDARD = "gnu++0x";
				CLANG_CXX_LIBRARY = "libc++";
				CLANG_ENABLE_MODULES = YES;
				CLANG_ENABLE_OBJC_ARC = YES;
				CLANG_WARN_BOOL_CONVERSION = YES;
				CLANG_WARN_CONSTANT_CONVERSION = YES;
				CLANG_WARN_DIRECT_OBJC_ISA_USAGE = YES_ERROR;
				CLANG_WARN_EMPTY_BODY = YES;
				CLANG_WARN_ENUM_CONVERSION = YES;
				CLANG_WARN_INT_CONVERSION = YES;
				CLANG_WARN_OBJC_ROOT_CLASS = YES_ERROR;
				CLANG_WARN_UNREACHABLE_CODE = YES;
				CLANG_WARN__DUPLICATE_METHOD_MATCH = YES;
				COPY_PHASE_STRIP = YES;
				ENABLE_NS_ASSERTIONS = NO;
				ENABLE_STRICT_OBJC_MSGSEND = YES;
				GCC_C_LANGUAGE_STANDARD = gnu99;
				GCC_WARN_64_TO_32_BIT_CONVERSION = YES;
				GCC_WARN_ABOUT_RETURN_TYPE = YES_ERROR;
				GCC_WARN_UNDECLARED_SELECTOR = YES;
				GCC_WARN_UNINITIALIZED_AUTOS = YES_AGGRESSIVE;
				GCC_WARN_UNUSED_FUNCTION = YES;
				GCC_WARN_UNUSED_VARIABLE = YES;
				IPHONEOS_DEPLOYMENT_TARGET = 8.0;
				MTL_ENABLE_DEBUG_INFO = NO;
				SDKROOT = iphoneos;
				VALIDATE_PRODUCT = YES;
			};
			name = Release;
		};
		27C4068B1980A51200836DA3 /* Debug */ = {
			isa = XCBuildConfiguration;
			baseConfigurationReference = 00AECCF975434151B3FA4BFF /* Pods.xcconfig */;
			buildSettings = {
				IPHONEOS_DEPLOYMENT_TARGET = 7.0;
				OTHER_LDFLAGS = "-ObjC";
				PRODUCT_NAME = "$(TARGET_NAME)";
				SKIP_INSTALL = YES;
			};
			name = Debug;
		};
		27C4068C1980A51200836DA3 /* Release */ = {
			isa = XCBuildConfiguration;
			baseConfigurationReference = 00AECCF975434151B3FA4BFF /* Pods.xcconfig */;
			buildSettings = {
				IPHONEOS_DEPLOYMENT_TARGET = 7.0;
				OTHER_LDFLAGS = "-ObjC";
				PRODUCT_NAME = "$(TARGET_NAME)";
				SKIP_INSTALL = YES;
			};
			name = Release;
		};
		27C4068E1980A51200836DA3 /* Debug */ = {
			isa = XCBuildConfiguration;
			buildSettings = {
				FRAMEWORK_SEARCH_PATHS = (
					"$(SDKROOT)/Developer/Library/Frameworks",
					"$(inherited)",
				);
				GCC_PREPROCESSOR_DEFINITIONS = (
					"DEBUG=1",
					"$(inherited)",
				);
				INFOPLIST_FILE = SSuggestTextTests/Info.plist;
				IPHONEOS_DEPLOYMENT_TARGET = 7.0;
				LD_RUNPATH_SEARCH_PATHS = "$(inherited) @executable_path/Frameworks @loader_path/Frameworks";
				PRODUCT_NAME = "$(TARGET_NAME)";
			};
			name = Debug;
		};
		27C4068F1980A51200836DA3 /* Release */ = {
			isa = XCBuildConfiguration;
			buildSettings = {
				FRAMEWORK_SEARCH_PATHS = (
					"$(SDKROOT)/Developer/Library/Frameworks",
					"$(inherited)",
				);
				INFOPLIST_FILE = SSuggestTextTests/Info.plist;
				IPHONEOS_DEPLOYMENT_TARGET = 7.0;
				LD_RUNPATH_SEARCH_PATHS = "$(inherited) @executable_path/Frameworks @loader_path/Frameworks";
				PRODUCT_NAME = "$(TARGET_NAME)";
			};
			name = Release;
		};
/* End XCBuildConfiguration section */

/* Begin XCConfigurationList section */
		27C406711980A51200836DA3 /* Build configuration list for PBXProject "SSuggestText" */ = {
			isa = XCConfigurationList;
			buildConfigurations = (
				27C406881980A51200836DA3 /* Debug */,
				27C406891980A51200836DA3 /* Release */,
			);
			defaultConfigurationIsVisible = 0;
			defaultConfigurationName = Release;
		};
		27C4068A1980A51200836DA3 /* Build configuration list for PBXNativeTarget "SSuggestText" */ = {
			isa = XCConfigurationList;
			buildConfigurations = (
				27C4068B1980A51200836DA3 /* Debug */,
				27C4068C1980A51200836DA3 /* Release */,
			);
			defaultConfigurationIsVisible = 0;
			defaultConfigurationName = Release;
		};
		27C4068D1980A51200836DA3 /* Build configuration list for PBXNativeTarget "SSuggestTextTests" */ = {
			isa = XCConfigurationList;
			buildConfigurations = (
				27C4068E1980A51200836DA3 /* Debug */,
				27C4068F1980A51200836DA3 /* Release */,
			);
			defaultConfigurationIsVisible = 0;
			defaultConfigurationName = Release;
		};
/* End XCConfigurationList section */
	};
	rootObject = 27C4066E1980A51200836DA3 /* Project object */;
}
